
Microsoft Visual Studio Solution File, Format Version 12.00
# Visual Studio 15
VisualStudioVersion = 15.0.28307.1259
MinimumVisualStudioVersion = 10.0.40219.1
Project("{FAE04EC0-301F-11D3-BF4B-00C04F79EFBC}") = "vowelOrConsonant", "vowelOrConsonant\vowelOrConsonant.csproj", "{BF98720D-1A59-4136-8467-3F8535930ABA}"
EndProject
Global
	GlobalSection(SolutionConfigurationPlatforms) = preSolution
		Debug|Any CPU = Debug|Any CPU
		Release|Any CPU = Release|Any CPU
	EndGlobalSection
	GlobalSection(ProjectConfigurationPlatforms) = postSolution
		{BF98720D-1A59-4136-8467-3F8535930ABA}.Debug|Any CPU.ActiveCfg = Debug|Any CPU
		{BF98720D-1A59-4136-8467-3F8535930ABA}.Debug|Any CPU.Build.0 = Debug|Any CPU
		{BF98720D-1A59-4136-8467-3F8535930ABA}.Release|Any CPU.ActiveCfg = Release|Any CPU
		{BF98720D-1A59-4136-8467-3F8535930ABA}.Release|Any CPU.Build.0 = Release|Any CPU
	EndGlobalSection
	GlobalSection(SolutionProperties) = preSolution
		HideSolutionNode = FALSE
	EndGlobalSection
	GlobalSection(ExtensibilityGlobals) = postSolution
		SolutionGuid = {DCEE3107-63CF-4D2F-B3EC-F9F01A3DAD13}
	EndGlobalSection
EndGlobal
