
Microsoft Visual Studio Solution File, Format Version 12.00
# Visual Studio 15
VisualStudioVersion = 15.0.28307.1259
MinimumVisualStudioVersion = 10.0.40219.1
Project("{FAE04EC0-301F-11D3-BF4B-00C04F79EFBC}") = "leapYear", "leapYear\leapYear.csproj", "{279AFFF1-3AB0-4C6A-9F7D-213EA920CB5A}"
EndProject
Global
	GlobalSection(SolutionConfigurationPlatforms) = preSolution
		Debug|Any CPU = Debug|Any CPU
		Release|Any CPU = Release|Any CPU
	EndGlobalSection
	GlobalSection(ProjectConfigurationPlatforms) = postSolution
		{279AFFF1-3AB0-4C6A-9F7D-213EA920CB5A}.Debug|Any CPU.ActiveCfg = Debug|Any CPU
		{279AFFF1-3AB0-4C6A-9F7D-213EA920CB5A}.Debug|Any CPU.Build.0 = Debug|Any CPU
		{279AFFF1-3AB0-4C6A-9F7D-213EA920CB5A}.Release|Any CPU.ActiveCfg = Release|Any CPU
		{279AFFF1-3AB0-4C6A-9F7D-213EA920CB5A}.Release|Any CPU.Build.0 = Release|Any CPU
	EndGlobalSection
	GlobalSection(SolutionProperties) = preSolution
		HideSolutionNode = FALSE
	EndGlobalSection
	GlobalSection(ExtensibilityGlobals) = postSolution
		SolutionGuid = {E3F9AC8B-F759-41EF-938A-F36947F74144}
	EndGlobalSection
EndGlobal
