
Microsoft Visual Studio Solution File, Format Version 12.00
# Visual Studio 15
VisualStudioVersion = 15.0.28307.1259
MinimumVisualStudioVersion = 10.0.40219.1
Project("{FAE04EC0-301F-11D3-BF4B-00C04F79EFBC}") = "spiralMatrix", "spiralMatrix\spiralMatrix.csproj", "{299A264A-D899-4F2E-995E-7136C0D7DE19}"
EndProject
Global
	GlobalSection(SolutionConfigurationPlatforms) = preSolution
		Debug|Any CPU = Debug|Any CPU
		Release|Any CPU = Release|Any CPU
	EndGlobalSection
	GlobalSection(ProjectConfigurationPlatforms) = postSolution
		{299A264A-D899-4F2E-995E-7136C0D7DE19}.Debug|Any CPU.ActiveCfg = Debug|Any CPU
		{299A264A-D899-4F2E-995E-7136C0D7DE19}.Debug|Any CPU.Build.0 = Debug|Any CPU
		{299A264A-D899-4F2E-995E-7136C0D7DE19}.Release|Any CPU.ActiveCfg = Release|Any CPU
		{299A264A-D899-4F2E-995E-7136C0D7DE19}.Release|Any CPU.Build.0 = Release|Any CPU
	EndGlobalSection
	GlobalSection(SolutionProperties) = preSolution
		HideSolutionNode = FALSE
	EndGlobalSection
	GlobalSection(ExtensibilityGlobals) = postSolution
		SolutionGuid = {1FE04E70-300F-492C-9D00-CEFC86389401}
	EndGlobalSection
EndGlobal
