
Microsoft Visual Studio Solution File, Format Version 12.00
# Visual Studio 15
VisualStudioVersion = 15.0.28307.1259
MinimumVisualStudioVersion = 10.0.40219.1
Project("{FAE04EC0-301F-11D3-BF4B-00C04F79EFBC}") = "theThreeHighestValues", "theThreeHighestValues\theThreeHighestValues.csproj", "{9632BEDB-27EF-4805-ADF2-A526E1A6CF14}"
EndProject
Global
	GlobalSection(SolutionConfigurationPlatforms) = preSolution
		Debug|Any CPU = Debug|Any CPU
		Release|Any CPU = Release|Any CPU
	EndGlobalSection
	GlobalSection(ProjectConfigurationPlatforms) = postSolution
		{9632BEDB-27EF-4805-ADF2-A526E1A6CF14}.Debug|Any CPU.ActiveCfg = Debug|Any CPU
		{9632BEDB-27EF-4805-ADF2-A526E1A6CF14}.Debug|Any CPU.Build.0 = Debug|Any CPU
		{9632BEDB-27EF-4805-ADF2-A526E1A6CF14}.Release|Any CPU.ActiveCfg = Release|Any CPU
		{9632BEDB-27EF-4805-ADF2-A526E1A6CF14}.Release|Any CPU.Build.0 = Release|Any CPU
	EndGlobalSection
	GlobalSection(SolutionProperties) = preSolution
		HideSolutionNode = FALSE
	EndGlobalSection
	GlobalSection(ExtensibilityGlobals) = postSolution
		SolutionGuid = {B1188344-F0B0-4EC0-8324-48E43BEAB1C0}
	EndGlobalSection
EndGlobal
