
Microsoft Visual Studio Solution File, Format Version 12.00
# Visual Studio 15
VisualStudioVersion = 15.0.28307.1259
MinimumVisualStudioVersion = 10.0.40219.1
Project("{FAE04EC0-301F-11D3-BF4B-00C04F79EFBC}") = "equalOrNot", "equalOrNot\equalOrNot.csproj", "{DEEC6935-80D7-44C6-AAF1-1C0BC2DC0725}"
EndProject
Global
	GlobalSection(SolutionConfigurationPlatforms) = preSolution
		Debug|Any CPU = Debug|Any CPU
		Release|Any CPU = Release|Any CPU
	EndGlobalSection
	GlobalSection(ProjectConfigurationPlatforms) = postSolution
		{DEEC6935-80D7-44C6-AAF1-1C0BC2DC0725}.Debug|Any CPU.ActiveCfg = Debug|Any CPU
		{DEEC6935-80D7-44C6-AAF1-1C0BC2DC0725}.Debug|Any CPU.Build.0 = Debug|Any CPU
		{DEEC6935-80D7-44C6-AAF1-1C0BC2DC0725}.Release|Any CPU.ActiveCfg = Release|Any CPU
		{DEEC6935-80D7-44C6-AAF1-1C0BC2DC0725}.Release|Any CPU.Build.0 = Release|Any CPU
	EndGlobalSection
	GlobalSection(SolutionProperties) = preSolution
		HideSolutionNode = FALSE
	EndGlobalSection
	GlobalSection(ExtensibilityGlobals) = postSolution
		SolutionGuid = {7636925A-4D40-40B7-94A3-22C8EB65E223}
	EndGlobalSection
EndGlobal
